
Microsoft Visual Studio Solution File, Format Version 10.00
# Visual Studio 2008
Project("{FAE04EC0-301F-11D3-BF4B-00C04F79EFBC}") = "Ogama", "Ogama\Ogama.csproj", "{84DE2C81-CE99-4ED3-B4F3-3C47CDD85E3D}"
EndProject
Project("{FAE04EC0-301F-11D3-BF4B-00C04F79EFBC}") = "OgamaControls", "OgamaControls\OgamaControls.csproj", "{63EF9D30-447A-4F79-9EC8-E4956DC0ABF8}"
EndProject
Project("{FAE04EC0-301F-11D3-BF4B-00C04F79EFBC}") = "VectorGraphics", "VectorGraphics\VectorGraphics.csproj", "{8230AED9-33A2-42FD-BDF7-4F7E4EFA73DB}"
EndProject
Project("{54435603-DBB4-11D2-8724-00A0C9A8B90C}") = "Setup", "Setup\Setup.vdproj", "{CD5652FA-D692-4D4D-8108-3DEF4FFB0065}"
EndProject
Project("{2150E333-8FDC-42A3-9474-1A3956D46DE8}") = "DirectShow", "DirectShow", "{5284AD20-AD56-4D92-A2B5-6008ED8F1A41}"
EndProject
Project("{FAE04EC0-301F-11D3-BF4B-00C04F79EFBC}") = "DmoOverlay", "DirectShow\DmoOverlay\DmoOverlay.csproj", "{369D647A-7F80-4F06-BEDB-D62AC1627862}"
EndProject
Project("{FAE04EC0-301F-11D3-BF4B-00C04F79EFBC}") = "DirectX.Capture", "DirectShow\DirectX.Capture\DirectX.Capture.csproj", "{8C0015DB-69E1-46E7-8705-3A4F8BE2E5E7}"
EndProject
Project("{FAE04EC0-301F-11D3-BF4B-00C04F79EFBC}") = "DirectShowLib-2005", "DirectShow\DirectShowLib\DirectShowLib-2005.csproj", "{CE009BFA-5EF6-4153-B2A1-2FA79698A9AE}"
EndProject
Project("{FAE04EC0-301F-11D3-BF4B-00C04F79EFBC}") = "DmoMixer", "DirectShow\DmoMixer\DmoMixer.csproj", "{D7EF4866-4217-466A-B336-C941CB7D5760}"
EndProject
Project("{FAE04EC0-301F-11D3-BF4B-00C04F79EFBC}") = "DmoBase", "DirectShow\DmoBase\DmoBase.csproj", "{D8704CBE-F446-4AF1-BCA2-FFB0DE267395}"
EndProject
Project("{8BC9CEB8-8B4A-11D0-8D11-00A0C91BC942}") = "OgamaScreenCapture", "DirectShow\ScreenCapture\OgamScreenCapture.vcproj", "{39469123-3EB7-45F3-A15B-3854DFD2C2EB}"
EndProject
Project("{8BC9CEB8-8B4A-11D0-8D11-00A0C91BC942}") = "BaseClasses", "DirectShow\BaseClasses\baseclasses.vcproj", "{E8A3F6FA-AE1C-4C8E-A0B6-9C8480324EAA}"
EndProject
Global
	GlobalSection(SolutionConfigurationPlatforms) = preSolution
		Debug|x86 = Debug|x86
		Release|x86 = Release|x86
	EndGlobalSection
	GlobalSection(ProjectConfigurationPlatforms) = postSolution
		{84DE2C81-CE99-4ED3-B4F3-3C47CDD85E3D}.Debug|x86.ActiveCfg = Debug|x86
		{84DE2C81-CE99-4ED3-B4F3-3C47CDD85E3D}.Debug|x86.Build.0 = Debug|x86
		{84DE2C81-CE99-4ED3-B4F3-3C47CDD85E3D}.Release|x86.ActiveCfg = Release|x86
		{84DE2C81-CE99-4ED3-B4F3-3C47CDD85E3D}.Release|x86.Build.0 = Release|x86
		{63EF9D30-447A-4F79-9EC8-E4956DC0ABF8}.Debug|x86.ActiveCfg = Debug|x86
		{63EF9D30-447A-4F79-9EC8-E4956DC0ABF8}.Debug|x86.Build.0 = Debug|x86
		{63EF9D30-447A-4F79-9EC8-E4956DC0ABF8}.Release|x86.ActiveCfg = Release|x86
		{63EF9D30-447A-4F79-9EC8-E4956DC0ABF8}.Release|x86.Build.0 = Release|x86
		{8230AED9-33A2-42FD-BDF7-4F7E4EFA73DB}.Debug|x86.ActiveCfg = Debug|x86
		{8230AED9-33A2-42FD-BDF7-4F7E4EFA73DB}.Debug|x86.Build.0 = Debug|x86
		{8230AED9-33A2-42FD-BDF7-4F7E4EFA73DB}.Release|x86.ActiveCfg = Release|x86
		{8230AED9-33A2-42FD-BDF7-4F7E4EFA73DB}.Release|x86.Build.0 = Release|x86
		{CD5652FA-D692-4D4D-8108-3DEF4FFB0065}.Debug|x86.ActiveCfg = Debug
		{CD5652FA-D692-4D4D-8108-3DEF4FFB0065}.Release|x86.ActiveCfg = Release
		{369D647A-7F80-4F06-BEDB-D62AC1627862}.Debug|x86.ActiveCfg = Debug|x86
		{369D647A-7F80-4F06-BEDB-D62AC1627862}.Debug|x86.Build.0 = Debug|x86
		{369D647A-7F80-4F06-BEDB-D62AC1627862}.Release|x86.ActiveCfg = Release|x86
		{369D647A-7F80-4F06-BEDB-D62AC1627862}.Release|x86.Build.0 = Release|x86
		{8C0015DB-69E1-46E7-8705-3A4F8BE2E5E7}.Debug|x86.ActiveCfg = Debug|x86
		{8C0015DB-69E1-46E7-8705-3A4F8BE2E5E7}.Debug|x86.Build.0 = Debug|x86
		{8C0015DB-69E1-46E7-8705-3A4F8BE2E5E7}.Release|x86.ActiveCfg = Release|x86
		{8C0015DB-69E1-46E7-8705-3A4F8BE2E5E7}.Release|x86.Build.0 = Release|x86
		{CE009BFA-5EF6-4153-B2A1-2FA79698A9AE}.Debug|x86.ActiveCfg = Debug|x86
		{CE009BFA-5EF6-4153-B2A1-2FA79698A9AE}.Debug|x86.Build.0 = Debug|x86
		{CE009BFA-5EF6-4153-B2A1-2FA79698A9AE}.Release|x86.ActiveCfg = Release|x86
		{CE009BFA-5EF6-4153-B2A1-2FA79698A9AE}.Release|x86.Build.0 = Release|x86
		{D7EF4866-4217-466A-B336-C941CB7D5760}.Debug|x86.ActiveCfg = Debug|x86
		{D7EF4866-4217-466A-B336-C941CB7D5760}.Debug|x86.Build.0 = Debug|x86
		{D7EF4866-4217-466A-B336-C941CB7D5760}.Release|x86.ActiveCfg = Release|x86
		{D7EF4866-4217-466A-B336-C941CB7D5760}.Release|x86.Build.0 = Release|x86
		{D8704CBE-F446-4AF1-BCA2-FFB0DE267395}.Debug|x86.ActiveCfg = Debug|x86
		{D8704CBE-F446-4AF1-BCA2-FFB0DE267395}.Debug|x86.Build.0 = Debug|x86
		{D8704CBE-F446-4AF1-BCA2-FFB0DE267395}.Release|x86.ActiveCfg = Release|x86
		{D8704CBE-F446-4AF1-BCA2-FFB0DE267395}.Release|x86.Build.0 = Release|x86
		{39469123-3EB7-45F3-A15B-3854DFD2C2EB}.Debug|x86.ActiveCfg = Debug|Win32
		{39469123-3EB7-45F3-A15B-3854DFD2C2EB}.Debug|x86.Build.0 = Debug|Win32
		{39469123-3EB7-45F3-A15B-3854DFD2C2EB}.Release|x86.ActiveCfg = Release|Win32
		{E8A3F6FA-AE1C-4C8E-A0B6-9C8480324EAA}.Debug|x86.ActiveCfg = Debug|Win32
		{E8A3F6FA-AE1C-4C8E-A0B6-9C8480324EAA}.Debug|x86.Build.0 = Debug|Win32
		{E8A3F6FA-AE1C-4C8E-A0B6-9C8480324EAA}.Release|x86.ActiveCfg = Release|Win32
		{E8A3F6FA-AE1C-4C8E-A0B6-9C8480324EAA}.Release|x86.Build.0 = Release|Win32
	EndGlobalSection
	GlobalSection(SolutionProperties) = preSolution
		HideSolutionNode = FALSE
	EndGlobalSection
	GlobalSection(NestedProjects) = preSolution
		{369D647A-7F80-4F06-BEDB-D62AC1627862} = {5284AD20-AD56-4D92-A2B5-6008ED8F1A41}
		{8C0015DB-69E1-46E7-8705-3A4F8BE2E5E7} = {5284AD20-AD56-4D92-A2B5-6008ED8F1A41}
		{CE009BFA-5EF6-4153-B2A1-2FA79698A9AE} = {5284AD20-AD56-4D92-A2B5-6008ED8F1A41}
		{D7EF4866-4217-466A-B336-C941CB7D5760} = {5284AD20-AD56-4D92-A2B5-6008ED8F1A41}
		{D8704CBE-F446-4AF1-BCA2-FFB0DE267395} = {5284AD20-AD56-4D92-A2B5-6008ED8F1A41}
		{39469123-3EB7-45F3-A15B-3854DFD2C2EB} = {5284AD20-AD56-4D92-A2B5-6008ED8F1A41}
		{E8A3F6FA-AE1C-4C8E-A0B6-9C8480324EAA} = {5284AD20-AD56-4D92-A2B5-6008ED8F1A41}
	EndGlobalSection
EndGlobal
