
Microsoft Visual Studio Solution File, Format Version 11.00
# Visual Studio 2010
Project("{2150E333-8FDC-42A3-9474-1A3956D46DE8}") = "DirectShow", "DirectShow", "{5284AD20-AD56-4D92-A2B5-6008ED8F1A41}"
EndProject
Project("{FAE04EC0-301F-11D3-BF4B-00C04F79EFBC}") = "Ogama", "Ogama\Ogama.csproj", "{84DE2C81-CE99-4ED3-B4F3-3C47CDD85E3D}"
EndProject
Project("{FAE04EC0-301F-11D3-BF4B-00C04F79EFBC}") = "OgamaControls", "OgamaControls\OgamaControls.csproj", "{63EF9D30-447A-4F79-9EC8-E4956DC0ABF8}"
EndProject
Project("{FAE04EC0-301F-11D3-BF4B-00C04F79EFBC}") = "VectorGraphics", "VectorGraphics\VectorGraphics.csproj", "{8230AED9-33A2-42FD-BDF7-4F7E4EFA73DB}"
EndProject
Project("{FAE04EC0-301F-11D3-BF4B-00C04F79EFBC}") = "DmoOverlay", "DirectShow\DmoOverlay\DmoOverlay.csproj", "{369D647A-7F80-4F06-BEDB-D62AC1627862}"
EndProject
Project("{FAE04EC0-301F-11D3-BF4B-00C04F79EFBC}") = "DmoMixer", "DirectShow\DmoMixer\DmoMixer.csproj", "{D7EF4866-4217-466A-B336-C941CB7D5760}"
EndProject
Project("{FAE04EC0-301F-11D3-BF4B-00C04F79EFBC}") = "DmoBase", "DirectShow\DmoBase\DmoBase.csproj", "{D8704CBE-F446-4AF1-BCA2-FFB0DE267395}"
EndProject
Project("{8BC9CEB8-8B4A-11D0-8D11-00A0C91BC942}") = "baseclasses", "DirectShow\BaseClasses\baseclasses.vcxproj", "{E8A3F6FA-AE1C-4C8E-A0B6-9C8480324EAA}"
EndProject
Project("{8BC9CEB8-8B4A-11D0-8D11-00A0C91BC942}") = "OgamaScreenCapture", "DirectShow\ScreenCapture\OgamScreenCapture.vcxproj", "{39469123-3EB7-45F3-A15B-3854DFD2C2EB}"
EndProject
Project("{54435603-DBB4-11D2-8724-00A0C9A8B90C}") = "Setup-x86", "Setup-x86\Setup-x86.vdproj", "{5CCD9108-4729-419A-8B21-773A0D5A9CF8}"
EndProject
Project("{54435603-DBB4-11D2-8724-00A0C9A8B90C}") = "Setup-x64", "Setup-x64\Setup-x64.vdproj", "{B4F56D79-B7AE-4B37-9D39-73C64ADD22AF}"
EndProject
Project("{8BC9CEB8-8B4A-11D0-8D11-00A0C91BC942}") = "GenericSampleSourceFilter", "DirectShow\GenericSampleSourceFilter\GenericSampleSourceFilter.vcxproj", "{6DF2C2D9-9751-4245-ACB2-5D3F41345932}"
EndProject
Project("{2150E333-8FDC-42A3-9474-1A3956D46DE8}") = "Gazetracker", "Gazetracker", "{C28970BB-859F-44F8-B41A-FC8CD8E187FF}"
EndProject
Project("{FAE04EC0-301F-11D3-BF4B-00C04F79EFBC}") = "GTCommons", "Gazetracker\GTCommons\GTCommons.csproj", "{02E8476C-305D-4FAD-83BC-3A70CCA37260}"
EndProject
Project("{FAE04EC0-301F-11D3-BF4B-00C04F79EFBC}") = "GTHardware", "Gazetracker\GTHardware\GTHardware.csproj", "{4EF59290-9005-460E-8919-5003414BDC92}"
EndProject
Project("{FAE04EC0-301F-11D3-BF4B-00C04F79EFBC}") = "GTSettings", "Gazetracker\GTSettings\GTSettings.csproj", "{64C7D526-F5AE-4B60-87AB-5AD67104C581}"
EndProject
Project("{FAE04EC0-301F-11D3-BF4B-00C04F79EFBC}") = "GTOgamaClient", "Gazetracker\GTOgamaClient\GTOgamaClient.csproj", "{2F1306D9-F01D-4431-8122-9DBC888480CD}"
EndProject
Project("{FAE04EC0-301F-11D3-BF4B-00C04F79EFBC}") = "GTApplication", "Gazetracker\GTApplication\GTApplication.csproj", "{41CE4BE5-AB35-45ED-945F-DE384454215C}"
EndProject
Project("{FAE04EC0-301F-11D3-BF4B-00C04F79EFBC}") = "GTLibrary", "Gazetracker\GTLibrary\GTLibrary.csproj", "{BF8D4E7F-F8E1-4204-B438-55B35233F590}"
EndProject
Project("{FAE04EC0-301F-11D3-BF4B-00C04F79EFBC}") = "GTNetworkClient", "Gazetracker\GTNetworkClient\GTNetworkClient.csproj", "{BD8916FF-DE52-4932-A71B-5E748AF559F0}"
EndProject
Project("{7CF6DF6D-3B04-46F8-A40B-537D21BCA0B4}") = "SourceDocumentation", "SourceDocumentation\SourceDocumentation.shfbproj", "{E7826944-2613-4287-AA56-6DA4A0C38E4E}"
EndProject
Project("{FAE04EC0-301F-11D3-BF4B-00C04F79EFBC}") = "OgamaTestProject", "OgamaTestProject\OgamaTestProject.csproj", "{46DE29F1-E403-4015-9A6F-5F39FEC50A33}"
EndProject
Project("{2150E333-8FDC-42A3-9474-1A3956D46DE8}") = "Solution Items", "Solution Items", "{748A5351-3569-480C-B1C5-32AB22BE5DFA}"
	ProjectSection(SolutionItems) = preProject
		Local.testsettings = Local.testsettings
		Ogama1.vsmdi = Ogama1.vsmdi
		TraceAndTestImpact.testsettings = TraceAndTestImpact.testsettings
	EndProjectSection
EndProject
Global
	GlobalSection(TestCaseManagementSettings) = postSolution
		CategoryFile = Ogama1.vsmdi
	EndGlobalSection
	GlobalSection(SolutionConfigurationPlatforms) = preSolution
		Debug|Any CPU = Debug|Any CPU
		Debug|Mixed Platforms = Debug|Mixed Platforms
		Debug|x64 = Debug|x64
		Debug|x86 = Debug|x86
		Release|Any CPU = Release|Any CPU
		Release|Mixed Platforms = Release|Mixed Platforms
		Release|x64 = Release|x64
		Release|x86 = Release|x86
	EndGlobalSection
	GlobalSection(ProjectConfigurationPlatforms) = postSolution
		{84DE2C81-CE99-4ED3-B4F3-3C47CDD85E3D}.Debug|Any CPU.ActiveCfg = Debug|Any CPU
		{84DE2C81-CE99-4ED3-B4F3-3C47CDD85E3D}.Debug|Any CPU.Build.0 = Debug|Any CPU
		{84DE2C81-CE99-4ED3-B4F3-3C47CDD85E3D}.Debug|Mixed Platforms.ActiveCfg = Debug|x86
		{84DE2C81-CE99-4ED3-B4F3-3C47CDD85E3D}.Debug|Mixed Platforms.Build.0 = Debug|x86
		{84DE2C81-CE99-4ED3-B4F3-3C47CDD85E3D}.Debug|x64.ActiveCfg = Debug|x64
		{84DE2C81-CE99-4ED3-B4F3-3C47CDD85E3D}.Debug|x64.Build.0 = Debug|x64
		{84DE2C81-CE99-4ED3-B4F3-3C47CDD85E3D}.Debug|x86.ActiveCfg = Debug|x86
		{84DE2C81-CE99-4ED3-B4F3-3C47CDD85E3D}.Debug|x86.Build.0 = Debug|x86
		{84DE2C81-CE99-4ED3-B4F3-3C47CDD85E3D}.Release|Any CPU.ActiveCfg = Release|Any CPU
		{84DE2C81-CE99-4ED3-B4F3-3C47CDD85E3D}.Release|Any CPU.Build.0 = Release|Any CPU
		{84DE2C81-CE99-4ED3-B4F3-3C47CDD85E3D}.Release|Mixed Platforms.ActiveCfg = Release|x64
		{84DE2C81-CE99-4ED3-B4F3-3C47CDD85E3D}.Release|Mixed Platforms.Build.0 = Release|x64
		{84DE2C81-CE99-4ED3-B4F3-3C47CDD85E3D}.Release|x64.ActiveCfg = Release|x64
		{84DE2C81-CE99-4ED3-B4F3-3C47CDD85E3D}.Release|x64.Build.0 = Release|x64
		{84DE2C81-CE99-4ED3-B4F3-3C47CDD85E3D}.Release|x86.ActiveCfg = Release|x86
		{84DE2C81-CE99-4ED3-B4F3-3C47CDD85E3D}.Release|x86.Build.0 = Release|x86
		{63EF9D30-447A-4F79-9EC8-E4956DC0ABF8}.Debug|Any CPU.ActiveCfg = Debug|Any CPU
		{63EF9D30-447A-4F79-9EC8-E4956DC0ABF8}.Debug|Any CPU.Build.0 = Debug|Any CPU
		{63EF9D30-447A-4F79-9EC8-E4956DC0ABF8}.Debug|Mixed Platforms.ActiveCfg = Debug|x86
		{63EF9D30-447A-4F79-9EC8-E4956DC0ABF8}.Debug|Mixed Platforms.Build.0 = Debug|x86
		{63EF9D30-447A-4F79-9EC8-E4956DC0ABF8}.Debug|x64.ActiveCfg = Debug|x64
		{63EF9D30-447A-4F79-9EC8-E4956DC0ABF8}.Debug|x64.Build.0 = Debug|x64
		{63EF9D30-447A-4F79-9EC8-E4956DC0ABF8}.Debug|x86.ActiveCfg = Debug|x86
		{63EF9D30-447A-4F79-9EC8-E4956DC0ABF8}.Debug|x86.Build.0 = Debug|x86
		{63EF9D30-447A-4F79-9EC8-E4956DC0ABF8}.Release|Any CPU.ActiveCfg = Release|Any CPU
		{63EF9D30-447A-4F79-9EC8-E4956DC0ABF8}.Release|Any CPU.Build.0 = Release|Any CPU
		{63EF9D30-447A-4F79-9EC8-E4956DC0ABF8}.Release|Mixed Platforms.ActiveCfg = Release|x64
		{63EF9D30-447A-4F79-9EC8-E4956DC0ABF8}.Release|Mixed Platforms.Build.0 = Release|x64
		{63EF9D30-447A-4F79-9EC8-E4956DC0ABF8}.Release|x64.ActiveCfg = Release|x64
		{63EF9D30-447A-4F79-9EC8-E4956DC0ABF8}.Release|x64.Build.0 = Release|x64
		{63EF9D30-447A-4F79-9EC8-E4956DC0ABF8}.Release|x86.ActiveCfg = Release|x86
		{63EF9D30-447A-4F79-9EC8-E4956DC0ABF8}.Release|x86.Build.0 = Release|x86
		{8230AED9-33A2-42FD-BDF7-4F7E4EFA73DB}.Debug|Any CPU.ActiveCfg = Debug|Any CPU
		{8230AED9-33A2-42FD-BDF7-4F7E4EFA73DB}.Debug|Any CPU.Build.0 = Debug|Any CPU
		{8230AED9-33A2-42FD-BDF7-4F7E4EFA73DB}.Debug|Mixed Platforms.ActiveCfg = Debug|x86
		{8230AED9-33A2-42FD-BDF7-4F7E4EFA73DB}.Debug|Mixed Platforms.Build.0 = Debug|x86
		{8230AED9-33A2-42FD-BDF7-4F7E4EFA73DB}.Debug|x64.ActiveCfg = Debug|x64
		{8230AED9-33A2-42FD-BDF7-4F7E4EFA73DB}.Debug|x64.Build.0 = Debug|x64
		{8230AED9-33A2-42FD-BDF7-4F7E4EFA73DB}.Debug|x86.ActiveCfg = Debug|x86
		{8230AED9-33A2-42FD-BDF7-4F7E4EFA73DB}.Debug|x86.Build.0 = Debug|x86
		{8230AED9-33A2-42FD-BDF7-4F7E4EFA73DB}.Release|Any CPU.ActiveCfg = Release|Any CPU
		{8230AED9-33A2-42FD-BDF7-4F7E4EFA73DB}.Release|Any CPU.Build.0 = Release|Any CPU
		{8230AED9-33A2-42FD-BDF7-4F7E4EFA73DB}.Release|Mixed Platforms.ActiveCfg = Release|x64
		{8230AED9-33A2-42FD-BDF7-4F7E4EFA73DB}.Release|Mixed Platforms.Build.0 = Release|x64
		{8230AED9-33A2-42FD-BDF7-4F7E4EFA73DB}.Release|x64.ActiveCfg = Release|x64
		{8230AED9-33A2-42FD-BDF7-4F7E4EFA73DB}.Release|x64.Build.0 = Release|x64
		{8230AED9-33A2-42FD-BDF7-4F7E4EFA73DB}.Release|x86.ActiveCfg = Release|x86
		{8230AED9-33A2-42FD-BDF7-4F7E4EFA73DB}.Release|x86.Build.0 = Release|x86
		{369D647A-7F80-4F06-BEDB-D62AC1627862}.Debug|Any CPU.ActiveCfg = Debug|Any CPU
		{369D647A-7F80-4F06-BEDB-D62AC1627862}.Debug|Any CPU.Build.0 = Debug|Any CPU
		{369D647A-7F80-4F06-BEDB-D62AC1627862}.Debug|Mixed Platforms.ActiveCfg = Debug|x86
		{369D647A-7F80-4F06-BEDB-D62AC1627862}.Debug|Mixed Platforms.Build.0 = Debug|x86
		{369D647A-7F80-4F06-BEDB-D62AC1627862}.Debug|x64.ActiveCfg = Debug|x64
		{369D647A-7F80-4F06-BEDB-D62AC1627862}.Debug|x64.Build.0 = Debug|x64
		{369D647A-7F80-4F06-BEDB-D62AC1627862}.Debug|x86.ActiveCfg = Debug|x86
		{369D647A-7F80-4F06-BEDB-D62AC1627862}.Debug|x86.Build.0 = Debug|x86
		{369D647A-7F80-4F06-BEDB-D62AC1627862}.Release|Any CPU.ActiveCfg = Release|Any CPU
		{369D647A-7F80-4F06-BEDB-D62AC1627862}.Release|Any CPU.Build.0 = Release|Any CPU
		{369D647A-7F80-4F06-BEDB-D62AC1627862}.Release|Mixed Platforms.ActiveCfg = Release|x64
		{369D647A-7F80-4F06-BEDB-D62AC1627862}.Release|Mixed Platforms.Build.0 = Release|x64
		{369D647A-7F80-4F06-BEDB-D62AC1627862}.Release|x64.ActiveCfg = Release|x64
		{369D647A-7F80-4F06-BEDB-D62AC1627862}.Release|x64.Build.0 = Release|x64
		{369D647A-7F80-4F06-BEDB-D62AC1627862}.Release|x86.ActiveCfg = Release|x86
		{369D647A-7F80-4F06-BEDB-D62AC1627862}.Release|x86.Build.0 = Release|x86
		{D7EF4866-4217-466A-B336-C941CB7D5760}.Debug|Any CPU.ActiveCfg = Debug|Any CPU
		{D7EF4866-4217-466A-B336-C941CB7D5760}.Debug|Any CPU.Build.0 = Debug|Any CPU
		{D7EF4866-4217-466A-B336-C941CB7D5760}.Debug|Mixed Platforms.ActiveCfg = Debug|x86
		{D7EF4866-4217-466A-B336-C941CB7D5760}.Debug|Mixed Platforms.Build.0 = Debug|x86
		{D7EF4866-4217-466A-B336-C941CB7D5760}.Debug|x64.ActiveCfg = Debug|x64
		{D7EF4866-4217-466A-B336-C941CB7D5760}.Debug|x64.Build.0 = Debug|x64
		{D7EF4866-4217-466A-B336-C941CB7D5760}.Debug|x86.ActiveCfg = Debug|x86
		{D7EF4866-4217-466A-B336-C941CB7D5760}.Debug|x86.Build.0 = Debug|x86
		{D7EF4866-4217-466A-B336-C941CB7D5760}.Release|Any CPU.ActiveCfg = Release|Any CPU
		{D7EF4866-4217-466A-B336-C941CB7D5760}.Release|Any CPU.Build.0 = Release|Any CPU
		{D7EF4866-4217-466A-B336-C941CB7D5760}.Release|Mixed Platforms.ActiveCfg = Release|x64
		{D7EF4866-4217-466A-B336-C941CB7D5760}.Release|Mixed Platforms.Build.0 = Release|x64
		{D7EF4866-4217-466A-B336-C941CB7D5760}.Release|x64.ActiveCfg = Release|x64
		{D7EF4866-4217-466A-B336-C941CB7D5760}.Release|x64.Build.0 = Release|x64
		{D7EF4866-4217-466A-B336-C941CB7D5760}.Release|x86.ActiveCfg = Release|x86
		{D7EF4866-4217-466A-B336-C941CB7D5760}.Release|x86.Build.0 = Release|x86
		{D8704CBE-F446-4AF1-BCA2-FFB0DE267395}.Debug|Any CPU.ActiveCfg = Debug|Any CPU
		{D8704CBE-F446-4AF1-BCA2-FFB0DE267395}.Debug|Any CPU.Build.0 = Debug|Any CPU
		{D8704CBE-F446-4AF1-BCA2-FFB0DE267395}.Debug|Mixed Platforms.ActiveCfg = Debug|x86
		{D8704CBE-F446-4AF1-BCA2-FFB0DE267395}.Debug|Mixed Platforms.Build.0 = Debug|x86
		{D8704CBE-F446-4AF1-BCA2-FFB0DE267395}.Debug|x64.ActiveCfg = Debug|x64
		{D8704CBE-F446-4AF1-BCA2-FFB0DE267395}.Debug|x64.Build.0 = Debug|x64
		{D8704CBE-F446-4AF1-BCA2-FFB0DE267395}.Debug|x86.ActiveCfg = Debug|x86
		{D8704CBE-F446-4AF1-BCA2-FFB0DE267395}.Debug|x86.Build.0 = Debug|x86
		{D8704CBE-F446-4AF1-BCA2-FFB0DE267395}.Release|Any CPU.ActiveCfg = Release|Any CPU
		{D8704CBE-F446-4AF1-BCA2-FFB0DE267395}.Release|Any CPU.Build.0 = Release|Any CPU
		{D8704CBE-F446-4AF1-BCA2-FFB0DE267395}.Release|Mixed Platforms.ActiveCfg = Release|x64
		{D8704CBE-F446-4AF1-BCA2-FFB0DE267395}.Release|Mixed Platforms.Build.0 = Release|x64
		{D8704CBE-F446-4AF1-BCA2-FFB0DE267395}.Release|x64.ActiveCfg = Release|x64
		{D8704CBE-F446-4AF1-BCA2-FFB0DE267395}.Release|x64.Build.0 = Release|x64
		{D8704CBE-F446-4AF1-BCA2-FFB0DE267395}.Release|x86.ActiveCfg = Release|x86
		{D8704CBE-F446-4AF1-BCA2-FFB0DE267395}.Release|x86.Build.0 = Release|x86
		{E8A3F6FA-AE1C-4C8E-A0B6-9C8480324EAA}.Debug|Any CPU.ActiveCfg = Debug|x64
		{E8A3F6FA-AE1C-4C8E-A0B6-9C8480324EAA}.Debug|Mixed Platforms.ActiveCfg = Debug|Win32
		{E8A3F6FA-AE1C-4C8E-A0B6-9C8480324EAA}.Debug|Mixed Platforms.Build.0 = Debug|Win32
		{E8A3F6FA-AE1C-4C8E-A0B6-9C8480324EAA}.Debug|x64.ActiveCfg = Debug|x64
		{E8A3F6FA-AE1C-4C8E-A0B6-9C8480324EAA}.Debug|x64.Build.0 = Debug|x64
		{E8A3F6FA-AE1C-4C8E-A0B6-9C8480324EAA}.Debug|x86.ActiveCfg = Debug|Win32
		{E8A3F6FA-AE1C-4C8E-A0B6-9C8480324EAA}.Debug|x86.Build.0 = Debug|Win32
		{E8A3F6FA-AE1C-4C8E-A0B6-9C8480324EAA}.Release|Any CPU.ActiveCfg = Release|x64
		{E8A3F6FA-AE1C-4C8E-A0B6-9C8480324EAA}.Release|Mixed Platforms.ActiveCfg = Release|x64
		{E8A3F6FA-AE1C-4C8E-A0B6-9C8480324EAA}.Release|Mixed Platforms.Build.0 = Release|x64
		{E8A3F6FA-AE1C-4C8E-A0B6-9C8480324EAA}.Release|x64.ActiveCfg = Release|x64
		{E8A3F6FA-AE1C-4C8E-A0B6-9C8480324EAA}.Release|x64.Build.0 = Release|x64
		{E8A3F6FA-AE1C-4C8E-A0B6-9C8480324EAA}.Release|x86.ActiveCfg = Release|Win32
		{E8A3F6FA-AE1C-4C8E-A0B6-9C8480324EAA}.Release|x86.Build.0 = Release|Win32
		{39469123-3EB7-45F3-A15B-3854DFD2C2EB}.Debug|Any CPU.ActiveCfg = Debug|x64
		{39469123-3EB7-45F3-A15B-3854DFD2C2EB}.Debug|Mixed Platforms.ActiveCfg = Debug|Win32
		{39469123-3EB7-45F3-A15B-3854DFD2C2EB}.Debug|Mixed Platforms.Build.0 = Debug|Win32
		{39469123-3EB7-45F3-A15B-3854DFD2C2EB}.Debug|x64.ActiveCfg = Debug|x64
		{39469123-3EB7-45F3-A15B-3854DFD2C2EB}.Debug|x64.Build.0 = Debug|x64
		{39469123-3EB7-45F3-A15B-3854DFD2C2EB}.Debug|x86.ActiveCfg = Debug|Win32
		{39469123-3EB7-45F3-A15B-3854DFD2C2EB}.Debug|x86.Build.0 = Debug|Win32
		{39469123-3EB7-45F3-A15B-3854DFD2C2EB}.Release|Any CPU.ActiveCfg = Release|x64
		{39469123-3EB7-45F3-A15B-3854DFD2C2EB}.Release|Mixed Platforms.ActiveCfg = Release|x64
		{39469123-3EB7-45F3-A15B-3854DFD2C2EB}.Release|Mixed Platforms.Build.0 = Release|x64
		{39469123-3EB7-45F3-A15B-3854DFD2C2EB}.Release|x64.ActiveCfg = Release|x64
		{39469123-3EB7-45F3-A15B-3854DFD2C2EB}.Release|x64.Build.0 = Release|x64
		{39469123-3EB7-45F3-A15B-3854DFD2C2EB}.Release|x86.ActiveCfg = Release|Win32
		{39469123-3EB7-45F3-A15B-3854DFD2C2EB}.Release|x86.Build.0 = Release|Win32
		{5CCD9108-4729-419A-8B21-773A0D5A9CF8}.Debug|Any CPU.ActiveCfg = Debug
		{5CCD9108-4729-419A-8B21-773A0D5A9CF8}.Debug|Any CPU.Build.0 = Debug
		{5CCD9108-4729-419A-8B21-773A0D5A9CF8}.Debug|Mixed Platforms.ActiveCfg = Release
		{5CCD9108-4729-419A-8B21-773A0D5A9CF8}.Debug|x64.ActiveCfg = Debug
		{5CCD9108-4729-419A-8B21-773A0D5A9CF8}.Debug|x86.ActiveCfg = Debug
		{5CCD9108-4729-419A-8B21-773A0D5A9CF8}.Release|Any CPU.ActiveCfg = Release
		{5CCD9108-4729-419A-8B21-773A0D5A9CF8}.Release|Any CPU.Build.0 = Release
		{5CCD9108-4729-419A-8B21-773A0D5A9CF8}.Release|Mixed Platforms.ActiveCfg = Release
		{5CCD9108-4729-419A-8B21-773A0D5A9CF8}.Release|Mixed Platforms.Build.0 = Release
		{5CCD9108-4729-419A-8B21-773A0D5A9CF8}.Release|x64.ActiveCfg = Release
		{5CCD9108-4729-419A-8B21-773A0D5A9CF8}.Release|x86.ActiveCfg = Release
		{B4F56D79-B7AE-4B37-9D39-73C64ADD22AF}.Debug|Any CPU.ActiveCfg = Debug
		{B4F56D79-B7AE-4B37-9D39-73C64ADD22AF}.Debug|Any CPU.Build.0 = Debug
		{B4F56D79-B7AE-4B37-9D39-73C64ADD22AF}.Debug|Mixed Platforms.ActiveCfg = Release
		{B4F56D79-B7AE-4B37-9D39-73C64ADD22AF}.Debug|x64.ActiveCfg = Debug
		{B4F56D79-B7AE-4B37-9D39-73C64ADD22AF}.Debug|x86.ActiveCfg = Debug
		{B4F56D79-B7AE-4B37-9D39-73C64ADD22AF}.Release|Any CPU.ActiveCfg = Release
		{B4F56D79-B7AE-4B37-9D39-73C64ADD22AF}.Release|Any CPU.Build.0 = Release
		{B4F56D79-B7AE-4B37-9D39-73C64ADD22AF}.Release|Mixed Platforms.ActiveCfg = Release
		{B4F56D79-B7AE-4B37-9D39-73C64ADD22AF}.Release|Mixed Platforms.Build.0 = Release
		{B4F56D79-B7AE-4B37-9D39-73C64ADD22AF}.Release|x64.ActiveCfg = Release
		{B4F56D79-B7AE-4B37-9D39-73C64ADD22AF}.Release|x86.ActiveCfg = Release
		{6DF2C2D9-9751-4245-ACB2-5D3F41345932}.Debug|Any CPU.ActiveCfg = Debug|x64
		{6DF2C2D9-9751-4245-ACB2-5D3F41345932}.Debug|Mixed Platforms.ActiveCfg = Debug|Win32
		{6DF2C2D9-9751-4245-ACB2-5D3F41345932}.Debug|Mixed Platforms.Build.0 = Debug|Win32
		{6DF2C2D9-9751-4245-ACB2-5D3F41345932}.Debug|x64.ActiveCfg = Debug|x64
		{6DF2C2D9-9751-4245-ACB2-5D3F41345932}.Debug|x64.Build.0 = Debug|x64
		{6DF2C2D9-9751-4245-ACB2-5D3F41345932}.Debug|x86.ActiveCfg = Debug|Win32
		{6DF2C2D9-9751-4245-ACB2-5D3F41345932}.Debug|x86.Build.0 = Debug|Win32
		{6DF2C2D9-9751-4245-ACB2-5D3F41345932}.Release|Any CPU.ActiveCfg = Release|x64
		{6DF2C2D9-9751-4245-ACB2-5D3F41345932}.Release|Mixed Platforms.ActiveCfg = Release|x64
		{6DF2C2D9-9751-4245-ACB2-5D3F41345932}.Release|Mixed Platforms.Build.0 = Release|x64
		{6DF2C2D9-9751-4245-ACB2-5D3F41345932}.Release|x64.ActiveCfg = Release|x64
		{6DF2C2D9-9751-4245-ACB2-5D3F41345932}.Release|x64.Build.0 = Release|x64
		{6DF2C2D9-9751-4245-ACB2-5D3F41345932}.Release|x86.ActiveCfg = Release|Win32
		{6DF2C2D9-9751-4245-ACB2-5D3F41345932}.Release|x86.Build.0 = Release|Win32
		{02E8476C-305D-4FAD-83BC-3A70CCA37260}.Debug|Any CPU.ActiveCfg = Debug|Any CPU
		{02E8476C-305D-4FAD-83BC-3A70CCA37260}.Debug|Any CPU.Build.0 = Debug|Any CPU
		{02E8476C-305D-4FAD-83BC-3A70CCA37260}.Debug|Mixed Platforms.ActiveCfg = Debug|x86
		{02E8476C-305D-4FAD-83BC-3A70CCA37260}.Debug|Mixed Platforms.Build.0 = Debug|x86
		{02E8476C-305D-4FAD-83BC-3A70CCA37260}.Debug|x64.ActiveCfg = Debug|x64
		{02E8476C-305D-4FAD-83BC-3A70CCA37260}.Debug|x64.Build.0 = Debug|x64
		{02E8476C-305D-4FAD-83BC-3A70CCA37260}.Debug|x86.ActiveCfg = Debug|x86
		{02E8476C-305D-4FAD-83BC-3A70CCA37260}.Debug|x86.Build.0 = Debug|x86
		{02E8476C-305D-4FAD-83BC-3A70CCA37260}.Release|Any CPU.ActiveCfg = Release|Any CPU
		{02E8476C-305D-4FAD-83BC-3A70CCA37260}.Release|Any CPU.Build.0 = Release|Any CPU
		{02E8476C-305D-4FAD-83BC-3A70CCA37260}.Release|Mixed Platforms.ActiveCfg = Release|x64
		{02E8476C-305D-4FAD-83BC-3A70CCA37260}.Release|Mixed Platforms.Build.0 = Release|x64
		{02E8476C-305D-4FAD-83BC-3A70CCA37260}.Release|x64.ActiveCfg = Release|x64
		{02E8476C-305D-4FAD-83BC-3A70CCA37260}.Release|x64.Build.0 = Release|x64
		{02E8476C-305D-4FAD-83BC-3A70CCA37260}.Release|x86.ActiveCfg = Release|x86
		{02E8476C-305D-4FAD-83BC-3A70CCA37260}.Release|x86.Build.0 = Release|x86
		{4EF59290-9005-460E-8919-5003414BDC92}.Debug|Any CPU.ActiveCfg = Debug|Any CPU
		{4EF59290-9005-460E-8919-5003414BDC92}.Debug|Any CPU.Build.0 = Debug|Any CPU
		{4EF59290-9005-460E-8919-5003414BDC92}.Debug|Mixed Platforms.ActiveCfg = Debug|x86
		{4EF59290-9005-460E-8919-5003414BDC92}.Debug|Mixed Platforms.Build.0 = Debug|x86
		{4EF59290-9005-460E-8919-5003414BDC92}.Debug|x64.ActiveCfg = Debug|x64
		{4EF59290-9005-460E-8919-5003414BDC92}.Debug|x64.Build.0 = Debug|x64
		{4EF59290-9005-460E-8919-5003414BDC92}.Debug|x86.ActiveCfg = Debug|x86
		{4EF59290-9005-460E-8919-5003414BDC92}.Debug|x86.Build.0 = Debug|x86
		{4EF59290-9005-460E-8919-5003414BDC92}.Release|Any CPU.ActiveCfg = Release|Any CPU
		{4EF59290-9005-460E-8919-5003414BDC92}.Release|Any CPU.Build.0 = Release|Any CPU
		{4EF59290-9005-460E-8919-5003414BDC92}.Release|Mixed Platforms.ActiveCfg = Release|x64
		{4EF59290-9005-460E-8919-5003414BDC92}.Release|Mixed Platforms.Build.0 = Release|x64
		{4EF59290-9005-460E-8919-5003414BDC92}.Release|x64.ActiveCfg = Release|x64
		{4EF59290-9005-460E-8919-5003414BDC92}.Release|x64.Build.0 = Release|x64
		{4EF59290-9005-460E-8919-5003414BDC92}.Release|x86.ActiveCfg = Release|x86
		{4EF59290-9005-460E-8919-5003414BDC92}.Release|x86.Build.0 = Release|x86
		{64C7D526-F5AE-4B60-87AB-5AD67104C581}.Debug|Any CPU.ActiveCfg = Debug|Any CPU
		{64C7D526-F5AE-4B60-87AB-5AD67104C581}.Debug|Any CPU.Build.0 = Debug|Any CPU
		{64C7D526-F5AE-4B60-87AB-5AD67104C581}.Debug|Mixed Platforms.ActiveCfg = Debug|x86
		{64C7D526-F5AE-4B60-87AB-5AD67104C581}.Debug|Mixed Platforms.Build.0 = Debug|x86
		{64C7D526-F5AE-4B60-87AB-5AD67104C581}.Debug|x64.ActiveCfg = Debug|x64
		{64C7D526-F5AE-4B60-87AB-5AD67104C581}.Debug|x64.Build.0 = Debug|x64
		{64C7D526-F5AE-4B60-87AB-5AD67104C581}.Debug|x86.ActiveCfg = Debug|x86
		{64C7D526-F5AE-4B60-87AB-5AD67104C581}.Debug|x86.Build.0 = Debug|x86
		{64C7D526-F5AE-4B60-87AB-5AD67104C581}.Release|Any CPU.ActiveCfg = Release|Any CPU
		{64C7D526-F5AE-4B60-87AB-5AD67104C581}.Release|Any CPU.Build.0 = Release|Any CPU
		{64C7D526-F5AE-4B60-87AB-5AD67104C581}.Release|Mixed Platforms.ActiveCfg = Release|x64
		{64C7D526-F5AE-4B60-87AB-5AD67104C581}.Release|Mixed Platforms.Build.0 = Release|x64
		{64C7D526-F5AE-4B60-87AB-5AD67104C581}.Release|x64.ActiveCfg = Release|x64
		{64C7D526-F5AE-4B60-87AB-5AD67104C581}.Release|x64.Build.0 = Release|x64
		{64C7D526-F5AE-4B60-87AB-5AD67104C581}.Release|x86.ActiveCfg = Release|x86
		{64C7D526-F5AE-4B60-87AB-5AD67104C581}.Release|x86.Build.0 = Release|x86
		{2F1306D9-F01D-4431-8122-9DBC888480CD}.Debug|Any CPU.ActiveCfg = Debug|Any CPU
		{2F1306D9-F01D-4431-8122-9DBC888480CD}.Debug|Any CPU.Build.0 = Debug|Any CPU
		{2F1306D9-F01D-4431-8122-9DBC888480CD}.Debug|Mixed Platforms.ActiveCfg = Debug|x86
		{2F1306D9-F01D-4431-8122-9DBC888480CD}.Debug|Mixed Platforms.Build.0 = Debug|x86
		{2F1306D9-F01D-4431-8122-9DBC888480CD}.Debug|x64.ActiveCfg = Debug|x64
		{2F1306D9-F01D-4431-8122-9DBC888480CD}.Debug|x64.Build.0 = Debug|x64
		{2F1306D9-F01D-4431-8122-9DBC888480CD}.Debug|x86.ActiveCfg = Debug|x86
		{2F1306D9-F01D-4431-8122-9DBC888480CD}.Debug|x86.Build.0 = Debug|x86
		{2F1306D9-F01D-4431-8122-9DBC888480CD}.Release|Any CPU.ActiveCfg = Release|Any CPU
		{2F1306D9-F01D-4431-8122-9DBC888480CD}.Release|Any CPU.Build.0 = Release|Any CPU
		{2F1306D9-F01D-4431-8122-9DBC888480CD}.Release|Mixed Platforms.ActiveCfg = Release|x64
		{2F1306D9-F01D-4431-8122-9DBC888480CD}.Release|Mixed Platforms.Build.0 = Release|x64
		{2F1306D9-F01D-4431-8122-9DBC888480CD}.Release|x64.ActiveCfg = Release|x64
		{2F1306D9-F01D-4431-8122-9DBC888480CD}.Release|x64.Build.0 = Release|x64
		{2F1306D9-F01D-4431-8122-9DBC888480CD}.Release|x86.ActiveCfg = Release|x86
		{2F1306D9-F01D-4431-8122-9DBC888480CD}.Release|x86.Build.0 = Release|x86
		{41CE4BE5-AB35-45ED-945F-DE384454215C}.Debug|Any CPU.ActiveCfg = Debug|Any CPU
		{41CE4BE5-AB35-45ED-945F-DE384454215C}.Debug|Any CPU.Build.0 = Debug|Any CPU
		{41CE4BE5-AB35-45ED-945F-DE384454215C}.Debug|Mixed Platforms.ActiveCfg = Debug|x86
		{41CE4BE5-AB35-45ED-945F-DE384454215C}.Debug|Mixed Platforms.Build.0 = Debug|x86
		{41CE4BE5-AB35-45ED-945F-DE384454215C}.Debug|x64.ActiveCfg = Debug|x64
		{41CE4BE5-AB35-45ED-945F-DE384454215C}.Debug|x64.Build.0 = Debug|x64
		{41CE4BE5-AB35-45ED-945F-DE384454215C}.Debug|x86.ActiveCfg = Debug|x86
		{41CE4BE5-AB35-45ED-945F-DE384454215C}.Debug|x86.Build.0 = Debug|x86
		{41CE4BE5-AB35-45ED-945F-DE384454215C}.Release|Any CPU.ActiveCfg = Release|Any CPU
		{41CE4BE5-AB35-45ED-945F-DE384454215C}.Release|Any CPU.Build.0 = Release|Any CPU
		{41CE4BE5-AB35-45ED-945F-DE384454215C}.Release|Mixed Platforms.ActiveCfg = Release|x64
		{41CE4BE5-AB35-45ED-945F-DE384454215C}.Release|Mixed Platforms.Build.0 = Release|x64
		{41CE4BE5-AB35-45ED-945F-DE384454215C}.Release|x64.ActiveCfg = Release|x64
		{41CE4BE5-AB35-45ED-945F-DE384454215C}.Release|x64.Build.0 = Release|x64
		{41CE4BE5-AB35-45ED-945F-DE384454215C}.Release|x86.ActiveCfg = Release|x86
		{41CE4BE5-AB35-45ED-945F-DE384454215C}.Release|x86.Build.0 = Release|x86
		{BF8D4E7F-F8E1-4204-B438-55B35233F590}.Debug|Any CPU.ActiveCfg = Debug|Any CPU
		{BF8D4E7F-F8E1-4204-B438-55B35233F590}.Debug|Any CPU.Build.0 = Debug|Any CPU
		{BF8D4E7F-F8E1-4204-B438-55B35233F590}.Debug|Mixed Platforms.ActiveCfg = Debug|x86
		{BF8D4E7F-F8E1-4204-B438-55B35233F590}.Debug|Mixed Platforms.Build.0 = Debug|x86
		{BF8D4E7F-F8E1-4204-B438-55B35233F590}.Debug|x64.ActiveCfg = Debug|x64
		{BF8D4E7F-F8E1-4204-B438-55B35233F590}.Debug|x64.Build.0 = Debug|x64
		{BF8D4E7F-F8E1-4204-B438-55B35233F590}.Debug|x86.ActiveCfg = Debug|x86
		{BF8D4E7F-F8E1-4204-B438-55B35233F590}.Debug|x86.Build.0 = Debug|x86
		{BF8D4E7F-F8E1-4204-B438-55B35233F590}.Release|Any CPU.ActiveCfg = Release|Any CPU
		{BF8D4E7F-F8E1-4204-B438-55B35233F590}.Release|Any CPU.Build.0 = Release|Any CPU
		{BF8D4E7F-F8E1-4204-B438-55B35233F590}.Release|Mixed Platforms.ActiveCfg = Release|x64
		{BF8D4E7F-F8E1-4204-B438-55B35233F590}.Release|Mixed Platforms.Build.0 = Release|x64
		{BF8D4E7F-F8E1-4204-B438-55B35233F590}.Release|x64.ActiveCfg = Release|x64
		{BF8D4E7F-F8E1-4204-B438-55B35233F590}.Release|x64.Build.0 = Release|x64
		{BF8D4E7F-F8E1-4204-B438-55B35233F590}.Release|x86.ActiveCfg = Release|x86
		{BF8D4E7F-F8E1-4204-B438-55B35233F590}.Release|x86.Build.0 = Release|x86
		{BD8916FF-DE52-4932-A71B-5E748AF559F0}.Debug|Any CPU.ActiveCfg = Debug|Any CPU
		{BD8916FF-DE52-4932-A71B-5E748AF559F0}.Debug|Any CPU.Build.0 = Debug|Any CPU
		{BD8916FF-DE52-4932-A71B-5E748AF559F0}.Debug|Mixed Platforms.ActiveCfg = Debug|x86
		{BD8916FF-DE52-4932-A71B-5E748AF559F0}.Debug|Mixed Platforms.Build.0 = Debug|x86
		{BD8916FF-DE52-4932-A71B-5E748AF559F0}.Debug|x64.ActiveCfg = Debug|x64
		{BD8916FF-DE52-4932-A71B-5E748AF559F0}.Debug|x64.Build.0 = Debug|x64
		{BD8916FF-DE52-4932-A71B-5E748AF559F0}.Debug|x86.ActiveCfg = Debug|x86
		{BD8916FF-DE52-4932-A71B-5E748AF559F0}.Debug|x86.Build.0 = Debug|x86
		{BD8916FF-DE52-4932-A71B-5E748AF559F0}.Release|Any CPU.ActiveCfg = Release|Any CPU
		{BD8916FF-DE52-4932-A71B-5E748AF559F0}.Release|Any CPU.Build.0 = Release|Any CPU
		{BD8916FF-DE52-4932-A71B-5E748AF559F0}.Release|Mixed Platforms.ActiveCfg = Release|x64
		{BD8916FF-DE52-4932-A71B-5E748AF559F0}.Release|Mixed Platforms.Build.0 = Release|x64
		{BD8916FF-DE52-4932-A71B-5E748AF559F0}.Release|x64.ActiveCfg = Release|x64
		{BD8916FF-DE52-4932-A71B-5E748AF559F0}.Release|x64.Build.0 = Release|x64
		{BD8916FF-DE52-4932-A71B-5E748AF559F0}.Release|x86.ActiveCfg = Release|x86
		{BD8916FF-DE52-4932-A71B-5E748AF559F0}.Release|x86.Build.0 = Release|x86
		{E7826944-2613-4287-AA56-6DA4A0C38E4E}.Debug|Any CPU.ActiveCfg = Debug|Any CPU
		{E7826944-2613-4287-AA56-6DA4A0C38E4E}.Debug|Any CPU.Build.0 = Debug|Any CPU
		{E7826944-2613-4287-AA56-6DA4A0C38E4E}.Debug|Mixed Platforms.ActiveCfg = Debug|Any CPU
		{E7826944-2613-4287-AA56-6DA4A0C38E4E}.Debug|Mixed Platforms.Build.0 = Debug|Any CPU
		{E7826944-2613-4287-AA56-6DA4A0C38E4E}.Debug|x64.ActiveCfg = Debug|Any CPU
		{E7826944-2613-4287-AA56-6DA4A0C38E4E}.Debug|x86.ActiveCfg = Debug|Any CPU
		{E7826944-2613-4287-AA56-6DA4A0C38E4E}.Release|Any CPU.ActiveCfg = Release|Any CPU
		{E7826944-2613-4287-AA56-6DA4A0C38E4E}.Release|Any CPU.Build.0 = Release|Any CPU
		{E7826944-2613-4287-AA56-6DA4A0C38E4E}.Release|Mixed Platforms.ActiveCfg = Release|Any CPU
		{E7826944-2613-4287-AA56-6DA4A0C38E4E}.Release|Mixed Platforms.Build.0 = Release|Any CPU
		{E7826944-2613-4287-AA56-6DA4A0C38E4E}.Release|x64.ActiveCfg = Release|Any CPU
		{E7826944-2613-4287-AA56-6DA4A0C38E4E}.Release|x86.ActiveCfg = Release|Any CPU
		{46DE29F1-E403-4015-9A6F-5F39FEC50A33}.Debug|Any CPU.ActiveCfg = Debug|Any CPU
		{46DE29F1-E403-4015-9A6F-5F39FEC50A33}.Debug|Any CPU.Build.0 = Debug|Any CPU
		{46DE29F1-E403-4015-9A6F-5F39FEC50A33}.Debug|Mixed Platforms.ActiveCfg = Debug|Any CPU
		{46DE29F1-E403-4015-9A6F-5F39FEC50A33}.Debug|Mixed Platforms.Build.0 = Debug|Any CPU
		{46DE29F1-E403-4015-9A6F-5F39FEC50A33}.Debug|x64.ActiveCfg = Debug|Any CPU
		{46DE29F1-E403-4015-9A6F-5F39FEC50A33}.Debug|x86.ActiveCfg = Debug|Any CPU
		{46DE29F1-E403-4015-9A6F-5F39FEC50A33}.Release|Any CPU.ActiveCfg = Release|Any CPU
		{46DE29F1-E403-4015-9A6F-5F39FEC50A33}.Release|Any CPU.Build.0 = Release|Any CPU
		{46DE29F1-E403-4015-9A6F-5F39FEC50A33}.Release|Mixed Platforms.ActiveCfg = Release|Any CPU
		{46DE29F1-E403-4015-9A6F-5F39FEC50A33}.Release|Mixed Platforms.Build.0 = Release|Any CPU
		{46DE29F1-E403-4015-9A6F-5F39FEC50A33}.Release|x64.ActiveCfg = Release|Any CPU
		{46DE29F1-E403-4015-9A6F-5F39FEC50A33}.Release|x86.ActiveCfg = Release|Any CPU
	EndGlobalSection
	GlobalSection(SolutionProperties) = preSolution
		HideSolutionNode = FALSE
	EndGlobalSection
	GlobalSection(NestedProjects) = preSolution
		{369D647A-7F80-4F06-BEDB-D62AC1627862} = {5284AD20-AD56-4D92-A2B5-6008ED8F1A41}
		{D7EF4866-4217-466A-B336-C941CB7D5760} = {5284AD20-AD56-4D92-A2B5-6008ED8F1A41}
		{D8704CBE-F446-4AF1-BCA2-FFB0DE267395} = {5284AD20-AD56-4D92-A2B5-6008ED8F1A41}
		{E8A3F6FA-AE1C-4C8E-A0B6-9C8480324EAA} = {5284AD20-AD56-4D92-A2B5-6008ED8F1A41}
		{39469123-3EB7-45F3-A15B-3854DFD2C2EB} = {5284AD20-AD56-4D92-A2B5-6008ED8F1A41}
		{6DF2C2D9-9751-4245-ACB2-5D3F41345932} = {5284AD20-AD56-4D92-A2B5-6008ED8F1A41}
		{02E8476C-305D-4FAD-83BC-3A70CCA37260} = {C28970BB-859F-44F8-B41A-FC8CD8E187FF}
		{4EF59290-9005-460E-8919-5003414BDC92} = {C28970BB-859F-44F8-B41A-FC8CD8E187FF}
		{64C7D526-F5AE-4B60-87AB-5AD67104C581} = {C28970BB-859F-44F8-B41A-FC8CD8E187FF}
		{2F1306D9-F01D-4431-8122-9DBC888480CD} = {C28970BB-859F-44F8-B41A-FC8CD8E187FF}
		{41CE4BE5-AB35-45ED-945F-DE384454215C} = {C28970BB-859F-44F8-B41A-FC8CD8E187FF}
		{BF8D4E7F-F8E1-4204-B438-55B35233F590} = {C28970BB-859F-44F8-B41A-FC8CD8E187FF}
		{BD8916FF-DE52-4932-A71B-5E748AF559F0} = {C28970BB-859F-44F8-B41A-FC8CD8E187FF}
	EndGlobalSection
EndGlobal
