
Microsoft Visual Studio Solution File, Format Version 11.00
# Visual Studio 2010
Project("{2150E333-8FDC-42A3-9474-1A3956D46DE8}") = "DirectShow", "DirectShow", "{5284AD20-AD56-4D92-A2B5-6008ED8F1A41}"
EndProject
Project("{FAE04EC0-301F-11D3-BF4B-00C04F79EFBC}") = "Ogama", "Ogama\Ogama.csproj", "{84DE2C81-CE99-4ED3-B4F3-3C47CDD85E3D}"
EndProject
Project("{FAE04EC0-301F-11D3-BF4B-00C04F79EFBC}") = "OgamaControls", "OgamaControls\OgamaControls.csproj", "{63EF9D30-447A-4F79-9EC8-E4956DC0ABF8}"
EndProject
Project("{FAE04EC0-301F-11D3-BF4B-00C04F79EFBC}") = "VectorGraphics", "VectorGraphics\VectorGraphics.csproj", "{8230AED9-33A2-42FD-BDF7-4F7E4EFA73DB}"
EndProject
Project("{54435603-DBB4-11D2-8724-00A0C9A8B90C}") = "Setup", "Setup\Setup.vdproj", "{CD5652FA-D692-4D4D-8108-3DEF4FFB0065}"
EndProject
Project("{FAE04EC0-301F-11D3-BF4B-00C04F79EFBC}") = "DmoOverlay", "DirectShow\DmoOverlay\DmoOverlay.csproj", "{369D647A-7F80-4F06-BEDB-D62AC1627862}"
EndProject
Project("{FAE04EC0-301F-11D3-BF4B-00C04F79EFBC}") = "DmoMixer", "DirectShow\DmoMixer\DmoMixer.csproj", "{D7EF4866-4217-466A-B336-C941CB7D5760}"
EndProject
Project("{FAE04EC0-301F-11D3-BF4B-00C04F79EFBC}") = "DmoBase", "DirectShow\DmoBase\DmoBase.csproj", "{D8704CBE-F446-4AF1-BCA2-FFB0DE267395}"
EndProject
Project("{8BC9CEB8-8B4A-11D0-8D11-00A0C91BC942}") = "baseclasses", "DirectShow\BaseClasses\baseclasses.vcxproj", "{4BE2737D-DE08-102D-0D3F-CE13B9F18BF2}"
EndProject
Project("{8BC9CEB8-8B4A-11D0-8D11-00A0C91BC942}") = "OgamScreenCapture", "DirectShow\ScreenCapture\OgamScreenCapture.vcxproj", "{512A493B-E041-5200-49B8-562FF66E926A}"
EndProject
Global
	GlobalSection(SolutionConfigurationPlatforms) = preSolution
		Debug|Win32 = Debug|Win32
		Debug|x64 = Debug|x64
		Debug|x86 = Debug|x86
		Release|Win32 = Release|Win32
		Release|x64 = Release|x64
		Release|x86 = Release|x86
	EndGlobalSection
	GlobalSection(ProjectConfigurationPlatforms) = postSolution
		{84DE2C81-CE99-4ED3-B4F3-3C47CDD85E3D}.Debug|Win32.ActiveCfg = Debug|x64
		{84DE2C81-CE99-4ED3-B4F3-3C47CDD85E3D}.Debug|x64.ActiveCfg = Debug|x64
		{84DE2C81-CE99-4ED3-B4F3-3C47CDD85E3D}.Debug|x64.Build.0 = Debug|x64
		{84DE2C81-CE99-4ED3-B4F3-3C47CDD85E3D}.Debug|x86.ActiveCfg = Debug|x86
		{84DE2C81-CE99-4ED3-B4F3-3C47CDD85E3D}.Debug|x86.Build.0 = Debug|x86
		{84DE2C81-CE99-4ED3-B4F3-3C47CDD85E3D}.Release|Win32.ActiveCfg = Release|x64
		{84DE2C81-CE99-4ED3-B4F3-3C47CDD85E3D}.Release|x64.ActiveCfg = Release|x64
		{84DE2C81-CE99-4ED3-B4F3-3C47CDD85E3D}.Release|x64.Build.0 = Release|x64
		{84DE2C81-CE99-4ED3-B4F3-3C47CDD85E3D}.Release|x86.ActiveCfg = Release|x86
		{84DE2C81-CE99-4ED3-B4F3-3C47CDD85E3D}.Release|x86.Build.0 = Release|x86
		{63EF9D30-447A-4F79-9EC8-E4956DC0ABF8}.Debug|Win32.ActiveCfg = Debug|x64
		{63EF9D30-447A-4F79-9EC8-E4956DC0ABF8}.Debug|x64.ActiveCfg = Debug|x64
		{63EF9D30-447A-4F79-9EC8-E4956DC0ABF8}.Debug|x64.Build.0 = Debug|x64
		{63EF9D30-447A-4F79-9EC8-E4956DC0ABF8}.Debug|x86.ActiveCfg = Debug|x86
		{63EF9D30-447A-4F79-9EC8-E4956DC0ABF8}.Debug|x86.Build.0 = Debug|x86
		{63EF9D30-447A-4F79-9EC8-E4956DC0ABF8}.Release|Win32.ActiveCfg = Release|x64
		{63EF9D30-447A-4F79-9EC8-E4956DC0ABF8}.Release|x64.ActiveCfg = Release|x64
		{63EF9D30-447A-4F79-9EC8-E4956DC0ABF8}.Release|x64.Build.0 = Release|x64
		{63EF9D30-447A-4F79-9EC8-E4956DC0ABF8}.Release|x86.ActiveCfg = Release|x86
		{63EF9D30-447A-4F79-9EC8-E4956DC0ABF8}.Release|x86.Build.0 = Release|x86
		{8230AED9-33A2-42FD-BDF7-4F7E4EFA73DB}.Debug|Win32.ActiveCfg = Debug|x64
		{8230AED9-33A2-42FD-BDF7-4F7E4EFA73DB}.Debug|x64.ActiveCfg = Debug|x64
		{8230AED9-33A2-42FD-BDF7-4F7E4EFA73DB}.Debug|x64.Build.0 = Debug|x64
		{8230AED9-33A2-42FD-BDF7-4F7E4EFA73DB}.Debug|x86.ActiveCfg = Debug|x86
		{8230AED9-33A2-42FD-BDF7-4F7E4EFA73DB}.Debug|x86.Build.0 = Debug|x86
		{8230AED9-33A2-42FD-BDF7-4F7E4EFA73DB}.Release|Win32.ActiveCfg = Release|x64
		{8230AED9-33A2-42FD-BDF7-4F7E4EFA73DB}.Release|x64.ActiveCfg = Release|x64
		{8230AED9-33A2-42FD-BDF7-4F7E4EFA73DB}.Release|x64.Build.0 = Release|x64
		{8230AED9-33A2-42FD-BDF7-4F7E4EFA73DB}.Release|x86.ActiveCfg = Release|x86
		{8230AED9-33A2-42FD-BDF7-4F7E4EFA73DB}.Release|x86.Build.0 = Release|x86
		{CD5652FA-D692-4D4D-8108-3DEF4FFB0065}.Debug|Win32.ActiveCfg = Debug
		{CD5652FA-D692-4D4D-8108-3DEF4FFB0065}.Debug|Win32.Build.0 = Debug
		{CD5652FA-D692-4D4D-8108-3DEF4FFB0065}.Debug|x64.ActiveCfg = Debug
		{CD5652FA-D692-4D4D-8108-3DEF4FFB0065}.Debug|x86.ActiveCfg = Debug
		{CD5652FA-D692-4D4D-8108-3DEF4FFB0065}.Release|Win32.ActiveCfg = Release
		{CD5652FA-D692-4D4D-8108-3DEF4FFB0065}.Release|Win32.Build.0 = Release
		{CD5652FA-D692-4D4D-8108-3DEF4FFB0065}.Release|x64.ActiveCfg = Release
		{CD5652FA-D692-4D4D-8108-3DEF4FFB0065}.Release|x86.ActiveCfg = Release
		{369D647A-7F80-4F06-BEDB-D62AC1627862}.Debug|Win32.ActiveCfg = Debug|x64
		{369D647A-7F80-4F06-BEDB-D62AC1627862}.Debug|x64.ActiveCfg = Debug|x64
		{369D647A-7F80-4F06-BEDB-D62AC1627862}.Debug|x64.Build.0 = Debug|x64
		{369D647A-7F80-4F06-BEDB-D62AC1627862}.Debug|x86.ActiveCfg = Debug|x86
		{369D647A-7F80-4F06-BEDB-D62AC1627862}.Debug|x86.Build.0 = Debug|x86
		{369D647A-7F80-4F06-BEDB-D62AC1627862}.Release|Win32.ActiveCfg = Release|x64
		{369D647A-7F80-4F06-BEDB-D62AC1627862}.Release|x64.ActiveCfg = Release|x64
		{369D647A-7F80-4F06-BEDB-D62AC1627862}.Release|x64.Build.0 = Release|x64
		{369D647A-7F80-4F06-BEDB-D62AC1627862}.Release|x86.ActiveCfg = Release|x86
		{369D647A-7F80-4F06-BEDB-D62AC1627862}.Release|x86.Build.0 = Release|x86
		{D7EF4866-4217-466A-B336-C941CB7D5760}.Debug|Win32.ActiveCfg = Debug|x64
		{D7EF4866-4217-466A-B336-C941CB7D5760}.Debug|x64.ActiveCfg = Debug|x64
		{D7EF4866-4217-466A-B336-C941CB7D5760}.Debug|x64.Build.0 = Debug|x64
		{D7EF4866-4217-466A-B336-C941CB7D5760}.Debug|x86.ActiveCfg = Debug|x86
		{D7EF4866-4217-466A-B336-C941CB7D5760}.Debug|x86.Build.0 = Debug|x86
		{D7EF4866-4217-466A-B336-C941CB7D5760}.Release|Win32.ActiveCfg = Release|x64
		{D7EF4866-4217-466A-B336-C941CB7D5760}.Release|x64.ActiveCfg = Release|x64
		{D7EF4866-4217-466A-B336-C941CB7D5760}.Release|x64.Build.0 = Release|x64
		{D7EF4866-4217-466A-B336-C941CB7D5760}.Release|x86.ActiveCfg = Release|x86
		{D7EF4866-4217-466A-B336-C941CB7D5760}.Release|x86.Build.0 = Release|x86
		{D8704CBE-F446-4AF1-BCA2-FFB0DE267395}.Debug|Win32.ActiveCfg = Debug|x64
		{D8704CBE-F446-4AF1-BCA2-FFB0DE267395}.Debug|x64.ActiveCfg = Debug|x64
		{D8704CBE-F446-4AF1-BCA2-FFB0DE267395}.Debug|x64.Build.0 = Debug|x64
		{D8704CBE-F446-4AF1-BCA2-FFB0DE267395}.Debug|x86.ActiveCfg = Debug|x86
		{D8704CBE-F446-4AF1-BCA2-FFB0DE267395}.Debug|x86.Build.0 = Debug|x86
		{D8704CBE-F446-4AF1-BCA2-FFB0DE267395}.Release|Win32.ActiveCfg = Release|x64
		{D8704CBE-F446-4AF1-BCA2-FFB0DE267395}.Release|x64.ActiveCfg = Release|x64
		{D8704CBE-F446-4AF1-BCA2-FFB0DE267395}.Release|x64.Build.0 = Release|x64
		{D8704CBE-F446-4AF1-BCA2-FFB0DE267395}.Release|x86.ActiveCfg = Release|x86
		{D8704CBE-F446-4AF1-BCA2-FFB0DE267395}.Release|x86.Build.0 = Release|x86
		{4BE2737D-DE08-102D-0D3F-CE13B9F18BF2}.Debug|Win32.ActiveCfg = Release|x64
		{4BE2737D-DE08-102D-0D3F-CE13B9F18BF2}.Debug|x64.ActiveCfg = Debug|x64
		{4BE2737D-DE08-102D-0D3F-CE13B9F18BF2}.Debug|x64.Build.0 = Debug|x64
		{4BE2737D-DE08-102D-0D3F-CE13B9F18BF2}.Debug|x86.ActiveCfg = Release|Win32
		{4BE2737D-DE08-102D-0D3F-CE13B9F18BF2}.Debug|x86.Build.0 = Release|Win32
		{4BE2737D-DE08-102D-0D3F-CE13B9F18BF2}.Release|Win32.ActiveCfg = Release|Win32
		{4BE2737D-DE08-102D-0D3F-CE13B9F18BF2}.Release|Win32.Build.0 = Release|Win32
		{4BE2737D-DE08-102D-0D3F-CE13B9F18BF2}.Release|x64.ActiveCfg = Release|x64
		{4BE2737D-DE08-102D-0D3F-CE13B9F18BF2}.Release|x64.Build.0 = Release|x64
		{4BE2737D-DE08-102D-0D3F-CE13B9F18BF2}.Release|x86.ActiveCfg = Release|Win32
		{4BE2737D-DE08-102D-0D3F-CE13B9F18BF2}.Release|x86.Build.0 = Release|Win32
		{512A493B-E041-5200-49B8-562FF66E926A}.Debug|Win32.ActiveCfg = Release|x64
		{512A493B-E041-5200-49B8-562FF66E926A}.Debug|x64.ActiveCfg = Debug|x64
		{512A493B-E041-5200-49B8-562FF66E926A}.Debug|x64.Build.0 = Debug|x64
		{512A493B-E041-5200-49B8-562FF66E926A}.Debug|x86.ActiveCfg = Release|Win32
		{512A493B-E041-5200-49B8-562FF66E926A}.Debug|x86.Build.0 = Release|Win32
		{512A493B-E041-5200-49B8-562FF66E926A}.Release|Win32.ActiveCfg = Release|Win32
		{512A493B-E041-5200-49B8-562FF66E926A}.Release|Win32.Build.0 = Release|Win32
		{512A493B-E041-5200-49B8-562FF66E926A}.Release|x64.ActiveCfg = Release|x64
		{512A493B-E041-5200-49B8-562FF66E926A}.Release|x64.Build.0 = Release|x64
		{512A493B-E041-5200-49B8-562FF66E926A}.Release|x86.ActiveCfg = Release|Win32
		{512A493B-E041-5200-49B8-562FF66E926A}.Release|x86.Build.0 = Release|Win32
	EndGlobalSection
	GlobalSection(SolutionProperties) = preSolution
		HideSolutionNode = FALSE
	EndGlobalSection
	GlobalSection(NestedProjects) = preSolution
		{369D647A-7F80-4F06-BEDB-D62AC1627862} = {5284AD20-AD56-4D92-A2B5-6008ED8F1A41}
		{D7EF4866-4217-466A-B336-C941CB7D5760} = {5284AD20-AD56-4D92-A2B5-6008ED8F1A41}
		{D8704CBE-F446-4AF1-BCA2-FFB0DE267395} = {5284AD20-AD56-4D92-A2B5-6008ED8F1A41}
		{4BE2737D-DE08-102D-0D3F-CE13B9F18BF2} = {5284AD20-AD56-4D92-A2B5-6008ED8F1A41}
		{512A493B-E041-5200-49B8-562FF66E926A} = {5284AD20-AD56-4D92-A2B5-6008ED8F1A41}
	EndGlobalSection
EndGlobal
